
Microsoft Visual Studio Solution File, Format Version 12.00
# Visual Studio Version 17
VisualStudioVersion = 17.10.35004.147
MinimumVisualStudioVersion = 10.0.40219.1
Project("{2150E333-8FDC-42A3-9474-1A3956D46DE8}") = "Src", "Src", "{99A6CC14-5BEE-4892-997B-740416BFF62E}"
EndProject
Project("{2150E333-8FDC-42A3-9474-1A3956D46DE8}") = "Apis", "Apis", "{F4417377-6C9B-4B4E-A2E3-9A8B70B347F4}"
EndProject
Project("{2150E333-8FDC-42A3-9474-1A3956D46DE8}") = "Core", "Core", "{46946B9C-0655-4836-86CD-9ECC7E41DE02}"
EndProject
Project("{2150E333-8FDC-42A3-9474-1A3956D46DE8}") = "Infrastructure", "Infrastructure", "{47618CAA-CD0B-4DAC-9DDF-A700B7C215C6}"
EndProject
Project("{2150E333-8FDC-42A3-9474-1A3956D46DE8}") = "Shared", "Shared", "{0EDFDF81-A76D-45B8-92D5-75C2EFF6C3A0}"
EndProject
Project("{FAE04EC0-301F-11D3-BF4B-00C04F79EFBC}") = "SmartGym.Apis", "SmartGym.Apis\SmartGym.Apis.csproj", "{EEFE5DE1-6557-4B31-A5F3-2C18E64E744E}"
EndProject
Project("{FAE04EC0-301F-11D3-BF4B-00C04F79EFBC}") = "SmartGym.Apis.Controller", "SmartGym.Apis.Controller\SmartGym.Apis.Controller.csproj", "{8031D5F9-4DDD-4EE8-BA23-1C733E2EEDC6}"
EndProject
Project("{FAE04EC0-301F-11D3-BF4B-00C04F79EFBC}") = "SmartGym.Core.Application", "SmartGym.Core.Application\SmartGym.Core.Application.csproj", "{04B6FA9E-5D1C-4F59-A1C1-DE578D3E913F}"
EndProject
Project("{FAE04EC0-301F-11D3-BF4B-00C04F79EFBC}") = "SmartGym.Core.Application.Abstraction", "SmartGym.Core.Application.Abstraction\SmartGym.Core.Application.Abstraction.csproj", "{9CCF2947-4B36-4389-9866-0774DABDAE94}"
EndProject
Project("{FAE04EC0-301F-11D3-BF4B-00C04F79EFBC}") = "SmartGym.Core.Domain", "SmartGym.Core.Domain\SmartGym.Core.Domain.csproj", "{EDBC11F3-8D04-4197-8485-A731C7FAE1DF}"
EndProject
Project("{FAE04EC0-301F-11D3-BF4B-00C04F79EFBC}") = "SmartGym.Infrastructure", "SmartGym.Infrastructure\SmartGym.Infrastructure.csproj", "{77977570-A2AE-4E93-BFF7-F933E362A9A0}"
EndProject
Project("{FAE04EC0-301F-11D3-BF4B-00C04F79EFBC}") = "SmartGym.Infrastructure.Persistence", "SmartGym.Infrastructure.Persistence\SmartGym.Infrastructure.Persistence.csproj", "{FCAB91B0-6DBC-4A61-92F7-A851F39E6154}"
EndProject
Project("{FAE04EC0-301F-11D3-BF4B-00C04F79EFBC}") = "SmartGym.Shared", "SmartGym.Shared\SmartGym.Shared.csproj", "{26064FF1-8F3A-4062-88C5-0D7F275D4673}"
EndProject
Global
	GlobalSection(SolutionConfigurationPlatforms) = preSolution
		Debug|Any CPU = Debug|Any CPU
		Release|Any CPU = Release|Any CPU
	EndGlobalSection
	GlobalSection(ProjectConfigurationPlatforms) = postSolution
		{EEFE5DE1-6557-4B31-A5F3-2C18E64E744E}.Debug|Any CPU.ActiveCfg = Debug|Any CPU
		{EEFE5DE1-6557-4B31-A5F3-2C18E64E744E}.Debug|Any CPU.Build.0 = Debug|Any CPU
		{EEFE5DE1-6557-4B31-A5F3-2C18E64E744E}.Release|Any CPU.ActiveCfg = Release|Any CPU
		{EEFE5DE1-6557-4B31-A5F3-2C18E64E744E}.Release|Any CPU.Build.0 = Release|Any CPU
		{8031D5F9-4DDD-4EE8-BA23-1C733E2EEDC6}.Debug|Any CPU.ActiveCfg = Debug|Any CPU
		{8031D5F9-4DDD-4EE8-BA23-1C733E2EEDC6}.Debug|Any CPU.Build.0 = Debug|Any CPU
		{8031D5F9-4DDD-4EE8-BA23-1C733E2EEDC6}.Release|Any CPU.ActiveCfg = Release|Any CPU
		{8031D5F9-4DDD-4EE8-BA23-1C733E2EEDC6}.Release|Any CPU.Build.0 = Release|Any CPU
		{04B6FA9E-5D1C-4F59-A1C1-DE578D3E913F}.Debug|Any CPU.ActiveCfg = Debug|Any CPU
		{04B6FA9E-5D1C-4F59-A1C1-DE578D3E913F}.Debug|Any CPU.Build.0 = Debug|Any CPU
		{04B6FA9E-5D1C-4F59-A1C1-DE578D3E913F}.Release|Any CPU.ActiveCfg = Release|Any CPU
		{04B6FA9E-5D1C-4F59-A1C1-DE578D3E913F}.Release|Any CPU.Build.0 = Release|Any CPU
		{9CCF2947-4B36-4389-9866-0774DABDAE94}.Debug|Any CPU.ActiveCfg = Debug|Any CPU
		{9CCF2947-4B36-4389-9866-0774DABDAE94}.Debug|Any CPU.Build.0 = Debug|Any CPU
		{9CCF2947-4B36-4389-9866-0774DABDAE94}.Release|Any CPU.ActiveCfg = Release|Any CPU
		{9CCF2947-4B36-4389-9866-0774DABDAE94}.Release|Any CPU.Build.0 = Release|Any CPU
		{EDBC11F3-8D04-4197-8485-A731C7FAE1DF}.Debug|Any CPU.ActiveCfg = Debug|Any CPU
		{EDBC11F3-8D04-4197-8485-A731C7FAE1DF}.Debug|Any CPU.Build.0 = Debug|Any CPU
		{EDBC11F3-8D04-4197-8485-A731C7FAE1DF}.Release|Any CPU.ActiveCfg = Release|Any CPU
		{EDBC11F3-8D04-4197-8485-A731C7FAE1DF}.Release|Any CPU.Build.0 = Release|Any CPU
		{77977570-A2AE-4E93-BFF7-F933E362A9A0}.Debug|Any CPU.ActiveCfg = Debug|Any CPU
		{77977570-A2AE-4E93-BFF7-F933E362A9A0}.Debug|Any CPU.Build.0 = Debug|Any CPU
		{77977570-A2AE-4E93-BFF7-F933E362A9A0}.Release|Any CPU.ActiveCfg = Release|Any CPU
		{77977570-A2AE-4E93-BFF7-F933E362A9A0}.Release|Any CPU.Build.0 = Release|Any CPU
		{FCAB91B0-6DBC-4A61-92F7-A851F39E6154}.Debug|Any CPU.ActiveCfg = Debug|Any CPU
		{FCAB91B0-6DBC-4A61-92F7-A851F39E6154}.Debug|Any CPU.Build.0 = Debug|Any CPU
		{FCAB91B0-6DBC-4A61-92F7-A851F39E6154}.Release|Any CPU.ActiveCfg = Release|Any CPU
		{FCAB91B0-6DBC-4A61-92F7-A851F39E6154}.Release|Any CPU.Build.0 = Release|Any CPU
		{26064FF1-8F3A-4062-88C5-0D7F275D4673}.Debug|Any CPU.ActiveCfg = Debug|Any CPU
		{26064FF1-8F3A-4062-88C5-0D7F275D4673}.Debug|Any CPU.Build.0 = Debug|Any CPU
		{26064FF1-8F3A-4062-88C5-0D7F275D4673}.Release|Any CPU.ActiveCfg = Release|Any CPU
		{26064FF1-8F3A-4062-88C5-0D7F275D4673}.Release|Any CPU.Build.0 = Release|Any CPU
	EndGlobalSection
	GlobalSection(SolutionProperties) = preSolution
		HideSolutionNode = FALSE
	EndGlobalSection
	GlobalSection(NestedProjects) = preSolution
		{F4417377-6C9B-4B4E-A2E3-9A8B70B347F4} = {99A6CC14-5BEE-4892-997B-740416BFF62E}
		{46946B9C-0655-4836-86CD-9ECC7E41DE02} = {99A6CC14-5BEE-4892-997B-740416BFF62E}
		{47618CAA-CD0B-4DAC-9DDF-A700B7C215C6} = {99A6CC14-5BEE-4892-997B-740416BFF62E}
		{0EDFDF81-A76D-45B8-92D5-75C2EFF6C3A0} = {99A6CC14-5BEE-4892-997B-740416BFF62E}
		{EEFE5DE1-6557-4B31-A5F3-2C18E64E744E} = {F4417377-6C9B-4B4E-A2E3-9A8B70B347F4}
		{8031D5F9-4DDD-4EE8-BA23-1C733E2EEDC6} = {F4417377-6C9B-4B4E-A2E3-9A8B70B347F4}
		{04B6FA9E-5D1C-4F59-A1C1-DE578D3E913F} = {46946B9C-0655-4836-86CD-9ECC7E41DE02}
		{9CCF2947-4B36-4389-9866-0774DABDAE94} = {46946B9C-0655-4836-86CD-9ECC7E41DE02}
		{EDBC11F3-8D04-4197-8485-A731C7FAE1DF} = {46946B9C-0655-4836-86CD-9ECC7E41DE02}
		{77977570-A2AE-4E93-BFF7-F933E362A9A0} = {47618CAA-CD0B-4DAC-9DDF-A700B7C215C6}
		{FCAB91B0-6DBC-4A61-92F7-A851F39E6154} = {47618CAA-CD0B-4DAC-9DDF-A700B7C215C6}
		{26064FF1-8F3A-4062-88C5-0D7F275D4673} = {0EDFDF81-A76D-45B8-92D5-75C2EFF6C3A0}
	EndGlobalSection
	GlobalSection(ExtensibilityGlobals) = postSolution
		SolutionGuid = {96B211D1-1953-4B9C-B985-1FB317E9399C}
	EndGlobalSection
EndGlobal
